{
  "name": "myfirstnode",
  "version": "1.0.0",
  "lockfileVersion": 3,
  "requires": true,
  "packages": {
    "": {
      "name": "myfirstnode",
      "version": "1.0.0",
      "license": "ISC",
      "dependencies": {
        "embla-carousel": "^7.0.9",
        "hamburgers": "^1.2.1",
        "moment": "^2.29.4"
      }
    },
    "node_modules/embla-carousel": {
      "version": "7.0.9",
      "resolved": "https://registry.npmjs.org/embla-carousel/-/embla-carousel-7.0.9.tgz",
      "integrity": "sha512-g8pGPd1BxexiZgw8F1aNM1KL3x3eEcz6TGTz20AuqCCynASBV7/h1+aS2rySDc/hHkXqbU8dk7TDhW71LCqVkQ=="
    },
    "node_modules/hamburgers": {
      "version": "1.2.1",
      "resolved": "https://registry.npmjs.org/hamburgers/-/hamburgers-1.2.1.tgz",
      "integrity": "sha512-uFuVVF7/MeUtRWrA+S1FGGo4iVi7RgPzZAmljBnSeDh4snOZzaQ+oB6CI1m4vKD5RGz9s70ufgiJLxgivqA26Q=="
    },
    "node_modules/moment": {
      "version": "2.29.4",
      "resolved": "https://registry.npmjs.org/moment/-/moment-2.29.4.tgz",
      "integrity": "sha512-5LC9SOxjSc2HF6vO2CyuTDNivEdoz2IvyJJGj6X8DJ0eFyfszE0QiEd+iXmBvUP3WHxSjFH/vIsA0EN00cgr8w==",
      "engines": {
        "node": "*"
      }
    }
  }
}
